
Microsoft Visual Studio Solution File, Format Version 12.00
# Visual Studio Version 17
VisualStudioVersion = 17.8.34408.163
MinimumVisualStudioVersion = 10.0.40219.1
Project("{FAE04EC0-301F-11D3-BF4B-00C04F79EFBC}") = "Task01", "Task01\Task01.csproj", "{4CD3DAF3-81E2-4249-95C7-47DBE89B8730}"
EndProject
Project("{FAE04EC0-301F-11D3-BF4B-00C04F79EFBC}") = "Task02", "Task02\Task02.csproj", "{A3DF0058-6DF7-445F-A1A8-BC06A6B35A5C}"
EndProject
Project("{FAE04EC0-301F-11D3-BF4B-00C04F79EFBC}") = "Task03", "Task03\Task03.csproj", "{3E57CD2B-021F-404A-885B-4217612D540D}"
EndProject
Project("{FAE04EC0-301F-11D3-BF4B-00C04F79EFBC}") = "Task04", "Task04\Task04.csproj", "{3A42E284-5396-425A-8505-3A183F39A814}"
EndProject
Project("{FAE04EC0-301F-11D3-BF4B-00C04F79EFBC}") = "Task05", "Task05\Task05.csproj", "{7B03DA97-0D09-4541-B0E1-8E2850D95529}"
EndProject
Global
	GlobalSection(SolutionConfigurationPlatforms) = preSolution
		Debug|Any CPU = Debug|Any CPU
		Release|Any CPU = Release|Any CPU
	EndGlobalSection
	GlobalSection(ProjectConfigurationPlatforms) = postSolution
		{4CD3DAF3-81E2-4249-95C7-47DBE89B8730}.Debug|Any CPU.ActiveCfg = Debug|Any CPU
		{4CD3DAF3-81E2-4249-95C7-47DBE89B8730}.Debug|Any CPU.Build.0 = Debug|Any CPU
		{4CD3DAF3-81E2-4249-95C7-47DBE89B8730}.Release|Any CPU.ActiveCfg = Release|Any CPU
		{4CD3DAF3-81E2-4249-95C7-47DBE89B8730}.Release|Any CPU.Build.0 = Release|Any CPU
		{A3DF0058-6DF7-445F-A1A8-BC06A6B35A5C}.Debug|Any CPU.ActiveCfg = Debug|Any CPU
		{A3DF0058-6DF7-445F-A1A8-BC06A6B35A5C}.Debug|Any CPU.Build.0 = Debug|Any CPU
		{A3DF0058-6DF7-445F-A1A8-BC06A6B35A5C}.Release|Any CPU.ActiveCfg = Release|Any CPU
		{A3DF0058-6DF7-445F-A1A8-BC06A6B35A5C}.Release|Any CPU.Build.0 = Release|Any CPU
		{3E57CD2B-021F-404A-885B-4217612D540D}.Debug|Any CPU.ActiveCfg = Debug|Any CPU
		{3E57CD2B-021F-404A-885B-4217612D540D}.Debug|Any CPU.Build.0 = Debug|Any CPU
		{3E57CD2B-021F-404A-885B-4217612D540D}.Release|Any CPU.ActiveCfg = Release|Any CPU
		{3E57CD2B-021F-404A-885B-4217612D540D}.Release|Any CPU.Build.0 = Release|Any CPU
		{3A42E284-5396-425A-8505-3A183F39A814}.Debug|Any CPU.ActiveCfg = Debug|Any CPU
		{3A42E284-5396-425A-8505-3A183F39A814}.Debug|Any CPU.Build.0 = Debug|Any CPU
		{3A42E284-5396-425A-8505-3A183F39A814}.Release|Any CPU.ActiveCfg = Release|Any CPU
		{3A42E284-5396-425A-8505-3A183F39A814}.Release|Any CPU.Build.0 = Release|Any CPU
		{7B03DA97-0D09-4541-B0E1-8E2850D95529}.Debug|Any CPU.ActiveCfg = Debug|Any CPU
		{7B03DA97-0D09-4541-B0E1-8E2850D95529}.Debug|Any CPU.Build.0 = Debug|Any CPU
		{7B03DA97-0D09-4541-B0E1-8E2850D95529}.Release|Any CPU.ActiveCfg = Release|Any CPU
		{7B03DA97-0D09-4541-B0E1-8E2850D95529}.Release|Any CPU.Build.0 = Release|Any CPU
	EndGlobalSection
	GlobalSection(SolutionProperties) = preSolution
		HideSolutionNode = FALSE
	EndGlobalSection
	GlobalSection(ExtensibilityGlobals) = postSolution
		SolutionGuid = {F1F225D6-F364-40B5-A279-87E1DCFBD210}
	EndGlobalSection
EndGlobal
