
Microsoft Visual Studio Solution File, Format Version 12.00
# Visual Studio Version 17
VisualStudioVersion = 17.8.34408.163
MinimumVisualStudioVersion = 10.0.40219.1
Project("{9A19103F-16F7-4668-BE54-9A1E7A4F7556}") = "Task01", "Task01\Task01.csproj", "{CCD455E8-4314-40FD-ACFE-6DC3AA84D045}"
EndProject
Project("{FAE04EC0-301F-11D3-BF4B-00C04F79EFBC}") = "Task02", "Task02\Task02.csproj", "{D5F199BF-57A5-452F-BB5B-6474D2EEE7DC}"
EndProject
Project("{FAE04EC0-301F-11D3-BF4B-00C04F79EFBC}") = "Task03", "Task03\Task03.csproj", "{260FD79C-B707-4C4C-AB85-EF9D761AB772}"
EndProject
Project("{FAE04EC0-301F-11D3-BF4B-00C04F79EFBC}") = "Task04", "Task04\Task04.csproj", "{719F8370-3580-4F1B-BF7F-BA80525E1FA0}"
EndProject
Project("{FAE04EC0-301F-11D3-BF4B-00C04F79EFBC}") = "Task05", "Task05\Task05.csproj", "{E4970538-F463-4211-B1FB-5DFED9745E37}"
EndProject
Project("{FAE04EC0-301F-11D3-BF4B-00C04F79EFBC}") = "Task06", "Task06\Task06.csproj", "{002F2D7C-C35C-4FF4-BCFC-AD2EE9F30F26}"
EndProject
Project("{FAE04EC0-301F-11D3-BF4B-00C04F79EFBC}") = "Task07", "Task07\Task07.csproj", "{F2689514-B228-4D91-925C-63147195BD7A}"
EndProject
Project("{FAE04EC0-301F-11D3-BF4B-00C04F79EFBC}") = "Task08", "Task08\Task08.csproj", "{FD4F10CF-0315-468D-8E04-9700E7D38A33}"
EndProject
Project("{FAE04EC0-301F-11D3-BF4B-00C04F79EFBC}") = "Task09", "Task09\Task09.csproj", "{4300AF2E-8C0F-4360-A5C2-821D9F6F7B68}"
EndProject
Project("{FAE04EC0-301F-11D3-BF4B-00C04F79EFBC}") = "Task10", "Task10\Task10.csproj", "{C00DFA33-DC06-4D1D-9DE7-1CB334688750}"
EndProject
Project("{FAE04EC0-301F-11D3-BF4B-00C04F79EFBC}") = "Task11", "Task11\Task11.csproj", "{08ACAEF2-5664-4F0F-AB13-158E0D2E2CB2}"
EndProject
Project("{FAE04EC0-301F-11D3-BF4B-00C04F79EFBC}") = "Task12", "Task12\Task12.csproj", "{483752C3-6CDE-494B-8A19-BC0D48281BCE}"
EndProject
Global
	GlobalSection(SolutionConfigurationPlatforms) = preSolution
		Debug|Any CPU = Debug|Any CPU
		Release|Any CPU = Release|Any CPU
	EndGlobalSection
	GlobalSection(ProjectConfigurationPlatforms) = postSolution
		{CCD455E8-4314-40FD-ACFE-6DC3AA84D045}.Debug|Any CPU.ActiveCfg = Debug|Any CPU
		{CCD455E8-4314-40FD-ACFE-6DC3AA84D045}.Debug|Any CPU.Build.0 = Debug|Any CPU
		{CCD455E8-4314-40FD-ACFE-6DC3AA84D045}.Release|Any CPU.ActiveCfg = Release|Any CPU
		{CCD455E8-4314-40FD-ACFE-6DC3AA84D045}.Release|Any CPU.Build.0 = Release|Any CPU
		{D5F199BF-57A5-452F-BB5B-6474D2EEE7DC}.Debug|Any CPU.ActiveCfg = Debug|Any CPU
		{D5F199BF-57A5-452F-BB5B-6474D2EEE7DC}.Debug|Any CPU.Build.0 = Debug|Any CPU
		{D5F199BF-57A5-452F-BB5B-6474D2EEE7DC}.Release|Any CPU.ActiveCfg = Release|Any CPU
		{D5F199BF-57A5-452F-BB5B-6474D2EEE7DC}.Release|Any CPU.Build.0 = Release|Any CPU
		{260FD79C-B707-4C4C-AB85-EF9D761AB772}.Debug|Any CPU.ActiveCfg = Debug|Any CPU
		{260FD79C-B707-4C4C-AB85-EF9D761AB772}.Debug|Any CPU.Build.0 = Debug|Any CPU
		{260FD79C-B707-4C4C-AB85-EF9D761AB772}.Release|Any CPU.ActiveCfg = Release|Any CPU
		{260FD79C-B707-4C4C-AB85-EF9D761AB772}.Release|Any CPU.Build.0 = Release|Any CPU
		{719F8370-3580-4F1B-BF7F-BA80525E1FA0}.Debug|Any CPU.ActiveCfg = Debug|Any CPU
		{719F8370-3580-4F1B-BF7F-BA80525E1FA0}.Debug|Any CPU.Build.0 = Debug|Any CPU
		{719F8370-3580-4F1B-BF7F-BA80525E1FA0}.Release|Any CPU.ActiveCfg = Release|Any CPU
		{719F8370-3580-4F1B-BF7F-BA80525E1FA0}.Release|Any CPU.Build.0 = Release|Any CPU
		{E4970538-F463-4211-B1FB-5DFED9745E37}.Debug|Any CPU.ActiveCfg = Debug|Any CPU
		{E4970538-F463-4211-B1FB-5DFED9745E37}.Debug|Any CPU.Build.0 = Debug|Any CPU
		{E4970538-F463-4211-B1FB-5DFED9745E37}.Release|Any CPU.ActiveCfg = Release|Any CPU
		{E4970538-F463-4211-B1FB-5DFED9745E37}.Release|Any CPU.Build.0 = Release|Any CPU
		{002F2D7C-C35C-4FF4-BCFC-AD2EE9F30F26}.Debug|Any CPU.ActiveCfg = Debug|Any CPU
		{002F2D7C-C35C-4FF4-BCFC-AD2EE9F30F26}.Debug|Any CPU.Build.0 = Debug|Any CPU
		{002F2D7C-C35C-4FF4-BCFC-AD2EE9F30F26}.Release|Any CPU.ActiveCfg = Release|Any CPU
		{002F2D7C-C35C-4FF4-BCFC-AD2EE9F30F26}.Release|Any CPU.Build.0 = Release|Any CPU
		{F2689514-B228-4D91-925C-63147195BD7A}.Debug|Any CPU.ActiveCfg = Debug|Any CPU
		{F2689514-B228-4D91-925C-63147195BD7A}.Debug|Any CPU.Build.0 = Debug|Any CPU
		{F2689514-B228-4D91-925C-63147195BD7A}.Release|Any CPU.ActiveCfg = Release|Any CPU
		{F2689514-B228-4D91-925C-63147195BD7A}.Release|Any CPU.Build.0 = Release|Any CPU
		{FD4F10CF-0315-468D-8E04-9700E7D38A33}.Debug|Any CPU.ActiveCfg = Debug|Any CPU
		{FD4F10CF-0315-468D-8E04-9700E7D38A33}.Debug|Any CPU.Build.0 = Debug|Any CPU
		{FD4F10CF-0315-468D-8E04-9700E7D38A33}.Release|Any CPU.ActiveCfg = Release|Any CPU
		{FD4F10CF-0315-468D-8E04-9700E7D38A33}.Release|Any CPU.Build.0 = Release|Any CPU
		{4300AF2E-8C0F-4360-A5C2-821D9F6F7B68}.Debug|Any CPU.ActiveCfg = Debug|Any CPU
		{4300AF2E-8C0F-4360-A5C2-821D9F6F7B68}.Debug|Any CPU.Build.0 = Debug|Any CPU
		{4300AF2E-8C0F-4360-A5C2-821D9F6F7B68}.Release|Any CPU.ActiveCfg = Release|Any CPU
		{4300AF2E-8C0F-4360-A5C2-821D9F6F7B68}.Release|Any CPU.Build.0 = Release|Any CPU
		{C00DFA33-DC06-4D1D-9DE7-1CB334688750}.Debug|Any CPU.ActiveCfg = Debug|Any CPU
		{C00DFA33-DC06-4D1D-9DE7-1CB334688750}.Debug|Any CPU.Build.0 = Debug|Any CPU
		{C00DFA33-DC06-4D1D-9DE7-1CB334688750}.Release|Any CPU.ActiveCfg = Release|Any CPU
		{C00DFA33-DC06-4D1D-9DE7-1CB334688750}.Release|Any CPU.Build.0 = Release|Any CPU
		{08ACAEF2-5664-4F0F-AB13-158E0D2E2CB2}.Debug|Any CPU.ActiveCfg = Debug|Any CPU
		{08ACAEF2-5664-4F0F-AB13-158E0D2E2CB2}.Debug|Any CPU.Build.0 = Debug|Any CPU
		{08ACAEF2-5664-4F0F-AB13-158E0D2E2CB2}.Release|Any CPU.ActiveCfg = Release|Any CPU
		{08ACAEF2-5664-4F0F-AB13-158E0D2E2CB2}.Release|Any CPU.Build.0 = Release|Any CPU
		{483752C3-6CDE-494B-8A19-BC0D48281BCE}.Debug|Any CPU.ActiveCfg = Debug|Any CPU
		{483752C3-6CDE-494B-8A19-BC0D48281BCE}.Debug|Any CPU.Build.0 = Debug|Any CPU
		{483752C3-6CDE-494B-8A19-BC0D48281BCE}.Release|Any CPU.ActiveCfg = Release|Any CPU
		{483752C3-6CDE-494B-8A19-BC0D48281BCE}.Release|Any CPU.Build.0 = Release|Any CPU
	EndGlobalSection
	GlobalSection(SolutionProperties) = preSolution
		HideSolutionNode = FALSE
	EndGlobalSection
	GlobalSection(ExtensibilityGlobals) = postSolution
		SolutionGuid = {B1DAD1C2-64F2-4F54-92B1-60682E88B438}
	EndGlobalSection
EndGlobal
